
Microsoft Visual Studio Solution File, Format Version 12.00
# Visual Studio Version 17
VisualStudioVersion = 17.5.33424.131
MinimumVisualStudioVersion = 10.0.40219.1
Project("{9A19103F-16F7-4668-BE54-9A1E7A4F7556}") = "EFCore", "EFCore\EFCore.csproj", "{DB5FB1B2-0B5F-473B-AB83-EB7509423AD9}"
EndProject
Project("{FAE04EC0-301F-11D3-BF4B-00C04F79EFBC}") = "Students&Courses", "Students&Courses\Students&Courses.csproj", "{FE8B7A0F-4931-4649-A02A-23C74BDD3094}"
EndProject
Global
	GlobalSection(SolutionConfigurationPlatforms) = preSolution
		Debug|Any CPU = Debug|Any CPU
		Release|Any CPU = Release|Any CPU
	EndGlobalSection
	GlobalSection(ProjectConfigurationPlatforms) = postSolution
		{DB5FB1B2-0B5F-473B-AB83-EB7509423AD9}.Debug|Any CPU.ActiveCfg = Debug|Any CPU
		{DB5FB1B2-0B5F-473B-AB83-EB7509423AD9}.Debug|Any CPU.Build.0 = Debug|Any CPU
		{DB5FB1B2-0B5F-473B-AB83-EB7509423AD9}.Release|Any CPU.ActiveCfg = Release|Any CPU
		{DB5FB1B2-0B5F-473B-AB83-EB7509423AD9}.Release|Any CPU.Build.0 = Release|Any CPU
		{FE8B7A0F-4931-4649-A02A-23C74BDD3094}.Debug|Any CPU.ActiveCfg = Debug|Any CPU
		{FE8B7A0F-4931-4649-A02A-23C74BDD3094}.Debug|Any CPU.Build.0 = Debug|Any CPU
		{FE8B7A0F-4931-4649-A02A-23C74BDD3094}.Release|Any CPU.ActiveCfg = Release|Any CPU
		{FE8B7A0F-4931-4649-A02A-23C74BDD3094}.Release|Any CPU.Build.0 = Release|Any CPU
	EndGlobalSection
	GlobalSection(SolutionProperties) = preSolution
		HideSolutionNode = FALSE
	EndGlobalSection
	GlobalSection(ExtensibilityGlobals) = postSolution
		SolutionGuid = {4AB9EAA5-0A46-4161-8535-B969B0F8F261}
	EndGlobalSection
EndGlobal
