
Microsoft Visual Studio Solution File, Format Version 12.00
# Visual Studio Version 17
VisualStudioVersion = 17.5.33424.131
MinimumVisualStudioVersion = 10.0.40219.1
Project("{9A19103F-16F7-4668-BE54-9A1E7A4F7556}") = "WorkingWithFileSystemIO", "WorkingWithFileSystemIO\WorkingWithFileSystemIO.csproj", "{38FC4D86-F430-4023-9EFB-86D1607BA170}"
EndProject
Project("{9A19103F-16F7-4668-BE54-9A1E7A4F7556}") = "WorkingWithDisks", "WorkingWithDisks\WorkingWithDisks.csproj", "{3E663F93-5461-4150-99C5-DA1267360B4B}"
EndProject
Project("{9A19103F-16F7-4668-BE54-9A1E7A4F7556}") = "WorkingWithStreams", "WorkingWithStreams\WorkingWithStreams.csproj", "{0D95B786-71AE-42C3-9377-CD84D3266404}"
EndProject
Project("{FAE04EC0-301F-11D3-BF4B-00C04F79EFBC}") = "Encodings", "Encodings\Encodings.csproj", "{4262C80E-7B2B-4A97-82B2-BDE5170A630E}"
EndProject
Global
	GlobalSection(SolutionConfigurationPlatforms) = preSolution
		Debug|Any CPU = Debug|Any CPU
		Release|Any CPU = Release|Any CPU
	EndGlobalSection
	GlobalSection(ProjectConfigurationPlatforms) = postSolution
		{38FC4D86-F430-4023-9EFB-86D1607BA170}.Debug|Any CPU.ActiveCfg = Debug|Any CPU
		{38FC4D86-F430-4023-9EFB-86D1607BA170}.Debug|Any CPU.Build.0 = Debug|Any CPU
		{38FC4D86-F430-4023-9EFB-86D1607BA170}.Release|Any CPU.ActiveCfg = Release|Any CPU
		{38FC4D86-F430-4023-9EFB-86D1607BA170}.Release|Any CPU.Build.0 = Release|Any CPU
		{3E663F93-5461-4150-99C5-DA1267360B4B}.Debug|Any CPU.ActiveCfg = Debug|Any CPU
		{3E663F93-5461-4150-99C5-DA1267360B4B}.Debug|Any CPU.Build.0 = Debug|Any CPU
		{3E663F93-5461-4150-99C5-DA1267360B4B}.Release|Any CPU.ActiveCfg = Release|Any CPU
		{3E663F93-5461-4150-99C5-DA1267360B4B}.Release|Any CPU.Build.0 = Release|Any CPU
		{0D95B786-71AE-42C3-9377-CD84D3266404}.Debug|Any CPU.ActiveCfg = Debug|Any CPU
		{0D95B786-71AE-42C3-9377-CD84D3266404}.Debug|Any CPU.Build.0 = Debug|Any CPU
		{0D95B786-71AE-42C3-9377-CD84D3266404}.Release|Any CPU.ActiveCfg = Release|Any CPU
		{0D95B786-71AE-42C3-9377-CD84D3266404}.Release|Any CPU.Build.0 = Release|Any CPU
		{4262C80E-7B2B-4A97-82B2-BDE5170A630E}.Debug|Any CPU.ActiveCfg = Debug|Any CPU
		{4262C80E-7B2B-4A97-82B2-BDE5170A630E}.Debug|Any CPU.Build.0 = Debug|Any CPU
		{4262C80E-7B2B-4A97-82B2-BDE5170A630E}.Release|Any CPU.ActiveCfg = Release|Any CPU
		{4262C80E-7B2B-4A97-82B2-BDE5170A630E}.Release|Any CPU.Build.0 = Release|Any CPU
	EndGlobalSection
	GlobalSection(SolutionProperties) = preSolution
		HideSolutionNode = FALSE
	EndGlobalSection
	GlobalSection(ExtensibilityGlobals) = postSolution
		SolutionGuid = {8B265634-7FEB-4525-A11B-D29005D61114}
	EndGlobalSection
EndGlobal
