
Microsoft Visual Studio Solution File, Format Version 12.00
# Visual Studio Version 17
VisualStudioVersion = 17.5.33424.131
MinimumVisualStudioVersion = 10.0.40219.1
Project("{9A19103F-16F7-4668-BE54-9A1E7A4F7556}") = "WorkingWithNumbs", "app\WorkingWithNumbs.csproj", "{8AEA3E4B-28D9-43C8-A77D-A883CD1594E7}"
EndProject
Project("{9A19103F-16F7-4668-BE54-9A1E7A4F7556}") = "WorkingWithTexts", "WorkingWithTexts\WorkingWithTexts.csproj", "{3E4B677F-91C8-4683-A428-372AB06818DC}"
EndProject
Project("{9A19103F-16F7-4668-BE54-9A1E7A4F7556}") = "WorkingWithTimes", "WorkingWithTimes\WorkingWithTimes.csproj", "{2CB5FF79-545E-4371-A2FD-5C8619A87ADA}"
EndProject
Project("{9A19103F-16F7-4668-BE54-9A1E7A4F7556}") = "WorkingWithRegex", "WorkingWithRegex\WorkingWithRegex.csproj", "{1F61C6C9-9A58-4CFC-B235-9292F50C9B19}"
EndProject
Project("{9A19103F-16F7-4668-BE54-9A1E7A4F7556}") = "WorkingWithCollections", "WorkingWithCollections\WorkingWithCollections.csproj", "{997AD00E-0F66-4D65-80ED-9FFD98AFC071}"
EndProject
Project("{9A19103F-16F7-4668-BE54-9A1E7A4F7556}") = "WorkingWithDictionaries", "WorkingWithDictionaries\WorkingWithDictionaries.csproj", "{6DD7C3A9-67A9-4285-A84B-D112D5FB4C1D}"
EndProject
Project("{9A19103F-16F7-4668-BE54-9A1E7A4F7556}") = "WorkingWithRanges", "WorkingWithRanges\WorkingWithRanges.csproj", "{5A12558D-CCA6-4C8E-8014-667D312C1ECD}"
EndProject
Project("{9A19103F-16F7-4668-BE54-9A1E7A4F7556}") = "WorkingWithDotNet", "WorkingWithDotNet\WorkingWithDotNet.csproj", "{015A063A-6D15-469B-945E-FC1937FCA0E8}"
EndProject
Project("{9A19103F-16F7-4668-BE54-9A1E7A4F7556}") = "WorkingWithReflections", "WorkingWithReflections\WorkingWithReflections.csproj", "{ABD64979-4F36-4F85-8F7F-2CF3340F28A2}"
EndProject
Project("{FAE04EC0-301F-11D3-BF4B-00C04F79EFBC}") = "WorkingWithImages", "WorkingWithImages\WorkingWithImages.csproj", "{F0E20047-598A-41CA-BD79-1FC8CBF63AFE}"
EndProject
Project("{FAE04EC0-301F-11D3-BF4B-00C04F79EFBC}") = "Internationalization", "Internationalization\Internationalization.csproj", "{EDA3113C-4056-47B8-8E8C-55C8ADBC7FE8}"
EndProject
Global
	GlobalSection(SolutionConfigurationPlatforms) = preSolution
		Debug|Any CPU = Debug|Any CPU
		Release|Any CPU = Release|Any CPU
	EndGlobalSection
	GlobalSection(ProjectConfigurationPlatforms) = postSolution
		{8AEA3E4B-28D9-43C8-A77D-A883CD1594E7}.Debug|Any CPU.ActiveCfg = Debug|Any CPU
		{8AEA3E4B-28D9-43C8-A77D-A883CD1594E7}.Debug|Any CPU.Build.0 = Debug|Any CPU
		{8AEA3E4B-28D9-43C8-A77D-A883CD1594E7}.Release|Any CPU.ActiveCfg = Release|Any CPU
		{8AEA3E4B-28D9-43C8-A77D-A883CD1594E7}.Release|Any CPU.Build.0 = Release|Any CPU
		{3E4B677F-91C8-4683-A428-372AB06818DC}.Debug|Any CPU.ActiveCfg = Debug|Any CPU
		{3E4B677F-91C8-4683-A428-372AB06818DC}.Debug|Any CPU.Build.0 = Debug|Any CPU
		{3E4B677F-91C8-4683-A428-372AB06818DC}.Release|Any CPU.ActiveCfg = Release|Any CPU
		{3E4B677F-91C8-4683-A428-372AB06818DC}.Release|Any CPU.Build.0 = Release|Any CPU
		{2CB5FF79-545E-4371-A2FD-5C8619A87ADA}.Debug|Any CPU.ActiveCfg = Debug|Any CPU
		{2CB5FF79-545E-4371-A2FD-5C8619A87ADA}.Debug|Any CPU.Build.0 = Debug|Any CPU
		{2CB5FF79-545E-4371-A2FD-5C8619A87ADA}.Release|Any CPU.ActiveCfg = Release|Any CPU
		{2CB5FF79-545E-4371-A2FD-5C8619A87ADA}.Release|Any CPU.Build.0 = Release|Any CPU
		{1F61C6C9-9A58-4CFC-B235-9292F50C9B19}.Debug|Any CPU.ActiveCfg = Debug|Any CPU
		{1F61C6C9-9A58-4CFC-B235-9292F50C9B19}.Debug|Any CPU.Build.0 = Debug|Any CPU
		{1F61C6C9-9A58-4CFC-B235-9292F50C9B19}.Release|Any CPU.ActiveCfg = Release|Any CPU
		{1F61C6C9-9A58-4CFC-B235-9292F50C9B19}.Release|Any CPU.Build.0 = Release|Any CPU
		{997AD00E-0F66-4D65-80ED-9FFD98AFC071}.Debug|Any CPU.ActiveCfg = Debug|Any CPU
		{997AD00E-0F66-4D65-80ED-9FFD98AFC071}.Debug|Any CPU.Build.0 = Debug|Any CPU
		{997AD00E-0F66-4D65-80ED-9FFD98AFC071}.Release|Any CPU.ActiveCfg = Release|Any CPU
		{997AD00E-0F66-4D65-80ED-9FFD98AFC071}.Release|Any CPU.Build.0 = Release|Any CPU
		{6DD7C3A9-67A9-4285-A84B-D112D5FB4C1D}.Debug|Any CPU.ActiveCfg = Debug|Any CPU
		{6DD7C3A9-67A9-4285-A84B-D112D5FB4C1D}.Debug|Any CPU.Build.0 = Debug|Any CPU
		{6DD7C3A9-67A9-4285-A84B-D112D5FB4C1D}.Release|Any CPU.ActiveCfg = Release|Any CPU
		{6DD7C3A9-67A9-4285-A84B-D112D5FB4C1D}.Release|Any CPU.Build.0 = Release|Any CPU
		{5A12558D-CCA6-4C8E-8014-667D312C1ECD}.Debug|Any CPU.ActiveCfg = Debug|Any CPU
		{5A12558D-CCA6-4C8E-8014-667D312C1ECD}.Debug|Any CPU.Build.0 = Debug|Any CPU
		{5A12558D-CCA6-4C8E-8014-667D312C1ECD}.Release|Any CPU.ActiveCfg = Release|Any CPU
		{5A12558D-CCA6-4C8E-8014-667D312C1ECD}.Release|Any CPU.Build.0 = Release|Any CPU
		{015A063A-6D15-469B-945E-FC1937FCA0E8}.Debug|Any CPU.ActiveCfg = Debug|Any CPU
		{015A063A-6D15-469B-945E-FC1937FCA0E8}.Debug|Any CPU.Build.0 = Debug|Any CPU
		{015A063A-6D15-469B-945E-FC1937FCA0E8}.Release|Any CPU.ActiveCfg = Release|Any CPU
		{015A063A-6D15-469B-945E-FC1937FCA0E8}.Release|Any CPU.Build.0 = Release|Any CPU
		{ABD64979-4F36-4F85-8F7F-2CF3340F28A2}.Debug|Any CPU.ActiveCfg = Debug|Any CPU
		{ABD64979-4F36-4F85-8F7F-2CF3340F28A2}.Debug|Any CPU.Build.0 = Debug|Any CPU
		{ABD64979-4F36-4F85-8F7F-2CF3340F28A2}.Release|Any CPU.ActiveCfg = Release|Any CPU
		{ABD64979-4F36-4F85-8F7F-2CF3340F28A2}.Release|Any CPU.Build.0 = Release|Any CPU
		{F0E20047-598A-41CA-BD79-1FC8CBF63AFE}.Debug|Any CPU.ActiveCfg = Debug|Any CPU
		{F0E20047-598A-41CA-BD79-1FC8CBF63AFE}.Debug|Any CPU.Build.0 = Debug|Any CPU
		{F0E20047-598A-41CA-BD79-1FC8CBF63AFE}.Release|Any CPU.ActiveCfg = Release|Any CPU
		{F0E20047-598A-41CA-BD79-1FC8CBF63AFE}.Release|Any CPU.Build.0 = Release|Any CPU
		{EDA3113C-4056-47B8-8E8C-55C8ADBC7FE8}.Debug|Any CPU.ActiveCfg = Debug|Any CPU
		{EDA3113C-4056-47B8-8E8C-55C8ADBC7FE8}.Debug|Any CPU.Build.0 = Debug|Any CPU
		{EDA3113C-4056-47B8-8E8C-55C8ADBC7FE8}.Release|Any CPU.ActiveCfg = Release|Any CPU
		{EDA3113C-4056-47B8-8E8C-55C8ADBC7FE8}.Release|Any CPU.Build.0 = Release|Any CPU
	EndGlobalSection
	GlobalSection(SolutionProperties) = preSolution
		HideSolutionNode = FALSE
	EndGlobalSection
	GlobalSection(ExtensibilityGlobals) = postSolution
		SolutionGuid = {2822FF61-48A6-4209-8358-B73302FE8999}
	EndGlobalSection
EndGlobal
