
Microsoft Visual Studio Solution File, Format Version 12.00
# Visual Studio Version 17
VisualStudioVersion = 17.5.33424.131
MinimumVisualStudioVersion = 10.0.40219.1
Project("{FAE04EC0-301F-11D3-BF4B-00C04F79EFBC}") = "WorkingWithNumbs", "app\WorkingWithNumbs.csproj", "{8AEA3E4B-28D9-43C8-A77D-A883CD1594E7}"
EndProject
Global
	GlobalSection(SolutionConfigurationPlatforms) = preSolution
		Debug|Any CPU = Debug|Any CPU
		Release|Any CPU = Release|Any CPU
	EndGlobalSection
	GlobalSection(ProjectConfigurationPlatforms) = postSolution
		{8AEA3E4B-28D9-43C8-A77D-A883CD1594E7}.Debug|Any CPU.ActiveCfg = Debug|Any CPU
		{8AEA3E4B-28D9-43C8-A77D-A883CD1594E7}.Debug|Any CPU.Build.0 = Debug|Any CPU
		{8AEA3E4B-28D9-43C8-A77D-A883CD1594E7}.Release|Any CPU.ActiveCfg = Release|Any CPU
		{8AEA3E4B-28D9-43C8-A77D-A883CD1594E7}.Release|Any CPU.Build.0 = Release|Any CPU
	EndGlobalSection
	GlobalSection(SolutionProperties) = preSolution
		HideSolutionNode = FALSE
	EndGlobalSection
	GlobalSection(ExtensibilityGlobals) = postSolution
		SolutionGuid = {2822FF61-48A6-4209-8358-B73302FE8999}
	EndGlobalSection
EndGlobal
