
Microsoft Visual Studio Solution File, Format Version 12.00
# Visual Studio Version 17
VisualStudioVersion = 17.5.33424.131
MinimumVisualStudioVersion = 10.0.40219.1
Project("{9A19103F-16F7-4668-BE54-9A1E7A4F7556}") = "MonitoringLib", "MonitoringLib\MonitoringLib.csproj", "{5EAD2901-73E6-4C37-B08C-FAFC0D6B5103}"
EndProject
Project("{9A19103F-16F7-4668-BE54-9A1E7A4F7556}") = "MonitoringApp", "MonitoringApp\MonitoringApp.csproj", "{B8ED369B-6220-4937-AB1E-15B570BADC38}"
EndProject
Project("{FAE04EC0-301F-11D3-BF4B-00C04F79EFBC}") = "Benchmarking", "Benchmarking\Benchmarking.csproj", "{656B63CF-66F2-4170-9C2F-E73C59F49A8E}"
EndProject
Project("{FAE04EC0-301F-11D3-BF4B-00C04F79EFBC}") = "Tasks", "Tasks\Tasks.csproj", "{F45D3BC6-ECF5-4A7C-BF77-A3E094282040}"
EndProject
Global
	GlobalSection(SolutionConfigurationPlatforms) = preSolution
		Debug|Any CPU = Debug|Any CPU
		Release|Any CPU = Release|Any CPU
	EndGlobalSection
	GlobalSection(ProjectConfigurationPlatforms) = postSolution
		{5EAD2901-73E6-4C37-B08C-FAFC0D6B5103}.Debug|Any CPU.ActiveCfg = Debug|Any CPU
		{5EAD2901-73E6-4C37-B08C-FAFC0D6B5103}.Debug|Any CPU.Build.0 = Debug|Any CPU
		{5EAD2901-73E6-4C37-B08C-FAFC0D6B5103}.Release|Any CPU.ActiveCfg = Release|Any CPU
		{5EAD2901-73E6-4C37-B08C-FAFC0D6B5103}.Release|Any CPU.Build.0 = Release|Any CPU
		{B8ED369B-6220-4937-AB1E-15B570BADC38}.Debug|Any CPU.ActiveCfg = Debug|Any CPU
		{B8ED369B-6220-4937-AB1E-15B570BADC38}.Debug|Any CPU.Build.0 = Debug|Any CPU
		{B8ED369B-6220-4937-AB1E-15B570BADC38}.Release|Any CPU.ActiveCfg = Release|Any CPU
		{B8ED369B-6220-4937-AB1E-15B570BADC38}.Release|Any CPU.Build.0 = Release|Any CPU
		{656B63CF-66F2-4170-9C2F-E73C59F49A8E}.Debug|Any CPU.ActiveCfg = Debug|Any CPU
		{656B63CF-66F2-4170-9C2F-E73C59F49A8E}.Debug|Any CPU.Build.0 = Debug|Any CPU
		{656B63CF-66F2-4170-9C2F-E73C59F49A8E}.Release|Any CPU.ActiveCfg = Release|Any CPU
		{656B63CF-66F2-4170-9C2F-E73C59F49A8E}.Release|Any CPU.Build.0 = Release|Any CPU
		{F45D3BC6-ECF5-4A7C-BF77-A3E094282040}.Debug|Any CPU.ActiveCfg = Debug|Any CPU
		{F45D3BC6-ECF5-4A7C-BF77-A3E094282040}.Debug|Any CPU.Build.0 = Debug|Any CPU
		{F45D3BC6-ECF5-4A7C-BF77-A3E094282040}.Release|Any CPU.ActiveCfg = Release|Any CPU
		{F45D3BC6-ECF5-4A7C-BF77-A3E094282040}.Release|Any CPU.Build.0 = Release|Any CPU
	EndGlobalSection
	GlobalSection(SolutionProperties) = preSolution
		HideSolutionNode = FALSE
	EndGlobalSection
	GlobalSection(ExtensibilityGlobals) = postSolution
		SolutionGuid = {86BAEDBD-8A8E-4713-B5C8-7BC19860B76B}
	EndGlobalSection
EndGlobal
